
Microsoft Visual Studio Solution File, Format Version 12.00
# Visual Studio 2012
Project("{FAE04EC0-301F-11D3-BF4B-00C04F79EFBC}") = "softwareprofs", "softwareprofs\softwareprofs.csproj", "{BA76FC50-ADE2-4381-858C-1C5C3170CEAF}"
EndProject
Project("{2150E333-8FDC-42A3-9474-1A3956D46DE8}") = ".nuget", ".nuget", "{D36A5A4F-B878-4058-A6DA-9FE21DB74BEE}"
	ProjectSection(SolutionItems) = preProject
		.nuget\packages.config = .nuget\packages.config
	EndProjectSection
EndProject
Global
	GlobalSection(SolutionConfigurationPlatforms) = preSolution
		Debug|Any CPU = Debug|Any CPU
		Release|Any CPU = Release|Any CPU
	EndGlobalSection
	GlobalSection(ProjectConfigurationPlatforms) = postSolution
		{BA76FC50-ADE2-4381-858C-1C5C3170CEAF}.Debug|Any CPU.ActiveCfg = Debug|Any CPU
		{BA76FC50-ADE2-4381-858C-1C5C3170CEAF}.Debug|Any CPU.Build.0 = Debug|Any CPU
		{BA76FC50-ADE2-4381-858C-1C5C3170CEAF}.Release|Any CPU.ActiveCfg = Release|Any CPU
		{BA76FC50-ADE2-4381-858C-1C5C3170CEAF}.Release|Any CPU.Build.0 = Release|Any CPU
	EndGlobalSection
	GlobalSection(SolutionProperties) = preSolution
		HideSolutionNode = FALSE
	EndGlobalSection
EndGlobal
